
Microsoft Visual Studio Solution File, Format Version 12.00
# Visual Studio 15
VisualStudioVersion = 15.0.27703.2042
MinimumVisualStudioVersion = 10.0.40219.1
Project("{8BC9CEB8-8B4A-11D0-8D11-00A0C91BC942}") = "soft3d", "soft3d\soft3d.vcxproj", "{D221A37D-E4F2-44AF-B358-3A71F56E1568}"
EndProject
Global
	GlobalSection(SolutionConfigurationPlatforms) = preSolution
		Debug|x64 = Debug|x64
		Debug|x86 = Debug|x86
		Release|x64 = Release|x64
		Release|x86 = Release|x86
	EndGlobalSection
	GlobalSection(ProjectConfigurationPlatforms) = postSolution
		{D221A37D-E4F2-44AF-B358-3A71F56E1568}.Debug|x64.ActiveCfg = Debug|x64
		{D221A37D-E4F2-44AF-B358-3A71F56E1568}.Debug|x64.Build.0 = Debug|x64
		{D221A37D-E4F2-44AF-B358-3A71F56E1568}.Debug|x86.ActiveCfg = Debug|Win32
		{D221A37D-E4F2-44AF-B358-3A71F56E1568}.Debug|x86.Build.0 = Debug|Win32
		{D221A37D-E4F2-44AF-B358-3A71F56E1568}.Release|x64.ActiveCfg = Release|x64
		{D221A37D-E4F2-44AF-B358-3A71F56E1568}.Release|x64.Build.0 = Release|x64
		{D221A37D-E4F2-44AF-B358-3A71F56E1568}.Release|x86.ActiveCfg = Release|Win32
		{D221A37D-E4F2-44AF-B358-3A71F56E1568}.Release|x86.Build.0 = Release|Win32
	EndGlobalSection
	GlobalSection(SolutionProperties) = preSolution
		HideSolutionNode = FALSE
	EndGlobalSection
	GlobalSection(ExtensibilityGlobals) = postSolution
		SolutionGuid = {7E4C04F0-A39F-4474-A664-3EE42F4F2240}
	EndGlobalSection
EndGlobal
